
Microsoft Visual Studio Solution File, Format Version 10.00
# Visual Studio 2008
Project("{FAE04EC0-301F-11D3-BF4B-00C04F79EFBC}") = "HgSccPackage", "HgSccPackage\HgSccPackage.csproj", "{ADECE07A-5D80-4950-9DA5-A681CE2F5106}"
	ProjectSection(ProjectDependencies) = postProject
		{5CF359D0-B6CA-4653-ADD4-9E2AA7705903} = {5CF359D0-B6CA-4653-ADD4-9E2AA7705903}
	EndProjectSection
EndProject
Project("{54435603-DBB4-11D2-8724-00A0C9A8B90C}") = "HgSccPackageSetup", "HgSccPackageSetup\HgSccPackageSetup.vdproj", "{7A39C9EB-4AE6-4BBA-958C-5E270B9AC834}"
	ProjectSection(ProjectDependencies) = postProject
		{172BA27D-ACC4-4294-A57C-C09895599EEA} = {172BA27D-ACC4-4294-A57C-C09895599EEA}
		{5CF359D0-B6CA-4653-ADD4-9E2AA7705903} = {5CF359D0-B6CA-4653-ADD4-9E2AA7705903}
	EndProjectSection
EndProject
Project("{FAE04EC0-301F-11D3-BF4B-00C04F79EFBC}") = "HgSccHelper", "HgSccHelper\HgSccHelper.csproj", "{172BA27D-ACC4-4294-A57C-C09895599EEA}"
EndProject
Project("{FAE04EC0-301F-11D3-BF4B-00C04F79EFBC}") = "HgSccInstaller", "HgSccInstaller\HgSccInstaller.csproj", "{5CF359D0-B6CA-4653-ADD4-9E2AA7705903}"
EndProject
Global
	GlobalSection(MercurialSourceControlSolutionProperties) = preSolution
		SolutionIsControlled = True
		SolutionBindings = <Solution Location In Database>
	EndGlobalSection
	GlobalSection(SolutionConfigurationPlatforms) = preSolution
		Debug|Any CPU = Debug|Any CPU
		Release|Any CPU = Release|Any CPU
		ReleaseDeploy|Any CPU = ReleaseDeploy|Any CPU
	EndGlobalSection
	GlobalSection(ProjectConfigurationPlatforms) = postSolution
		{ADECE07A-5D80-4950-9DA5-A681CE2F5106}.Debug|Any CPU.ActiveCfg = Debug|Any CPU
		{ADECE07A-5D80-4950-9DA5-A681CE2F5106}.Debug|Any CPU.Build.0 = Debug|Any CPU
		{ADECE07A-5D80-4950-9DA5-A681CE2F5106}.Release|Any CPU.ActiveCfg = Release|Any CPU
		{ADECE07A-5D80-4950-9DA5-A681CE2F5106}.Release|Any CPU.Build.0 = Release|Any CPU
		{ADECE07A-5D80-4950-9DA5-A681CE2F5106}.ReleaseDeploy|Any CPU.ActiveCfg = ReleaseDeploy|Any CPU
		{ADECE07A-5D80-4950-9DA5-A681CE2F5106}.ReleaseDeploy|Any CPU.Build.0 = ReleaseDeploy|Any CPU
		{7A39C9EB-4AE6-4BBA-958C-5E270B9AC834}.Debug|Any CPU.ActiveCfg = Debug
		{7A39C9EB-4AE6-4BBA-958C-5E270B9AC834}.Release|Any CPU.ActiveCfg = Release
		{7A39C9EB-4AE6-4BBA-958C-5E270B9AC834}.ReleaseDeploy|Any CPU.ActiveCfg = ReleaseDeploy
		{7A39C9EB-4AE6-4BBA-958C-5E270B9AC834}.ReleaseDeploy|Any CPU.Build.0 = ReleaseDeploy
		{172BA27D-ACC4-4294-A57C-C09895599EEA}.Debug|Any CPU.ActiveCfg = Debug|Any CPU
		{172BA27D-ACC4-4294-A57C-C09895599EEA}.Debug|Any CPU.Build.0 = Debug|Any CPU
		{172BA27D-ACC4-4294-A57C-C09895599EEA}.Release|Any CPU.ActiveCfg = Release|Any CPU
		{172BA27D-ACC4-4294-A57C-C09895599EEA}.Release|Any CPU.Build.0 = Release|Any CPU
		{172BA27D-ACC4-4294-A57C-C09895599EEA}.ReleaseDeploy|Any CPU.ActiveCfg = ReleaseDeploy|Any CPU
		{172BA27D-ACC4-4294-A57C-C09895599EEA}.ReleaseDeploy|Any CPU.Build.0 = ReleaseDeploy|Any CPU
		{5CF359D0-B6CA-4653-ADD4-9E2AA7705903}.Debug|Any CPU.ActiveCfg = Debug|Any CPU
		{5CF359D0-B6CA-4653-ADD4-9E2AA7705903}.Debug|Any CPU.Build.0 = Debug|Any CPU
		{5CF359D0-B6CA-4653-ADD4-9E2AA7705903}.Release|Any CPU.ActiveCfg = Release|Any CPU
		{5CF359D0-B6CA-4653-ADD4-9E2AA7705903}.Release|Any CPU.Build.0 = Release|Any CPU
		{5CF359D0-B6CA-4653-ADD4-9E2AA7705903}.ReleaseDeploy|Any CPU.ActiveCfg = ReleaseDeploy|Any CPU
		{5CF359D0-B6CA-4653-ADD4-9E2AA7705903}.ReleaseDeploy|Any CPU.Build.0 = ReleaseDeploy|Any CPU
	EndGlobalSection
	GlobalSection(SolutionProperties) = preSolution
		HideSolutionNode = FALSE
	EndGlobalSection
EndGlobal
